<?xml version="1.0" encoding="UTF-8" standalone="yes" ?>
<CodeBlocks_project_file>
	<FileVersion major="1" minor="6" />
	<Project>
		<Option title="baseDatos" />
		<Option pch_mode="2" />
		<Option compiler="gcc" />
		<Build>
			<Target title="Debug">
				<Option output="bin/Debug/baseDatos" prefix_auto="1" extension_auto="1" />
				<Option object_output="obj/Debug/" />
				<Option type="1" />
				<Option compiler="gcc" />
				<Compiler>
					<Add option="-g" />
					<Add directory="include" />
				</Compiler>
			</Target>
			<Target title="Release">
				<Option output="bin/Release/baseDatos" prefix_auto="1" extension_auto="1" />
				<Option object_output="obj/Release/" />
				<Option type="1" />
				<Option compiler="gcc" />
				<Compiler>
					<Add option="-O2" />
					<Add directory="include" />
				</Compiler>
				<Linker>
					<Add option="-s" />
				</Linker>
			</Target>
		</Build>
		<Compiler>
			<Add option="-Wall" />
			<Add option="-fexceptions" />
		</Compiler>
		<Unit filename="include/Alumno.h" />
		<Unit filename="include/Padres.h" />
		<Unit filename="include/cursos.h" />
		<Unit filename="include/direccion.h" />
		<Unit filename="include/expedienteMedico.h" />
		<Unit filename="include/fecha.h" />
		<Unit filename="include/notas.h" />
		<Unit filename="include/seccion.h" />
		<Unit filename="main.cpp" />
		<Unit filename="src/Alumno.cpp" />
		<Unit filename="src/Padres.cpp" />
		<Unit filename="src/cursos.cpp" />
		<Unit filename="src/direccion.cpp" />
		<Unit filename="src/expedienteMedico.cpp" />
		<Unit filename="src/fecha.cpp" />
		<Unit filename="src/notas.cpp" />
		<Unit filename="src/seccion.cpp" />
		<Extensions>
			<code_completion />
			<envvars />
			<debugger />
		</Extensions>
	</Project>
</CodeBlocks_project_file>
